
Microsoft Visual Studio Solution File, Format Version 12.00
# Visual Studio Version 16
VisualStudioVersion = 16.0.29306.81
MinimumVisualStudioVersion = 10.0.40219.1
Project("{FAE04EC0-301F-11D3-BF4B-00C04F79EFBC}") = "StepperControl", "StepperControl\StepperControl.csproj", "{3528C88F-B8E5-4125-84DC-E3CE3587E607}"
EndProject
Global
	GlobalSection(SolutionConfigurationPlatforms) = preSolution
		Debug|Any CPU = Debug|Any CPU
		Release|Any CPU = Release|Any CPU
	EndGlobalSection
	GlobalSection(ProjectConfigurationPlatforms) = postSolution
		{3528C88F-B8E5-4125-84DC-E3CE3587E607}.Debug|Any CPU.ActiveCfg = Debug|Any CPU
		{3528C88F-B8E5-4125-84DC-E3CE3587E607}.Debug|Any CPU.Build.0 = Debug|Any CPU
		{3528C88F-B8E5-4125-84DC-E3CE3587E607}.Release|Any CPU.ActiveCfg = Release|Any CPU
		{3528C88F-B8E5-4125-84DC-E3CE3587E607}.Release|Any CPU.Build.0 = Release|Any CPU
	EndGlobalSection
	GlobalSection(SolutionProperties) = preSolution
		HideSolutionNode = FALSE
	EndGlobalSection
	GlobalSection(ExtensibilityGlobals) = postSolution
		SolutionGuid = {B6D17FBE-5910-4A10-A12A-AC4393BB8EF0}
	EndGlobalSection
EndGlobal
